
Microsoft Visual Studio Solution File, Format Version 12.00
# Visual Studio 2012
Project("{FAE04EC0-301F-11D3-BF4B-00C04F79EFBC}") = "Edit", "Edit.csproj", "{7328156F-F56E-4970-B50F-AC61920F171B}"
EndProject
Global
	GlobalSection(SolutionConfigurationPlatforms) = preSolution
		Debug|Any CPU = Debug|Any CPU
		Release|Any CPU = Release|Any CPU
	EndGlobalSection
	GlobalSection(ProjectConfigurationPlatforms) = postSolution
		{7328156F-F56E-4970-B50F-AC61920F171B}.Debug|Any CPU.ActiveCfg = Debug|Any CPU
		{7328156F-F56E-4970-B50F-AC61920F171B}.Debug|Any CPU.Build.0 = Debug|Any CPU
		{7328156F-F56E-4970-B50F-AC61920F171B}.Release|Any CPU.ActiveCfg = Release|Any CPU
		{7328156F-F56E-4970-B50F-AC61920F171B}.Release|Any CPU.Build.0 = Release|Any CPU
	EndGlobalSection
	GlobalSection(SolutionProperties) = preSolution
		HideSolutionNode = FALSE
	EndGlobalSection
EndGlobal
