
Microsoft Visual Studio Solution File, Format Version 12.00
# Visual Studio 2012
Project("{FAE04EC0-301F-11D3-BF4B-00C04F79EFBC}") = "Edit.AzureTableStorage", "Edit.AzureTableStorage.csproj", "{8829A41B-C0B5-45B1-8119-406B7DA74ECF}"
EndProject
Global
	GlobalSection(SolutionConfigurationPlatforms) = preSolution
		Debug|Any CPU = Debug|Any CPU
		Release|Any CPU = Release|Any CPU
	EndGlobalSection
	GlobalSection(ProjectConfigurationPlatforms) = postSolution
		{8829A41B-C0B5-45B1-8119-406B7DA74ECF}.Debug|Any CPU.ActiveCfg = Debug|Any CPU
		{8829A41B-C0B5-45B1-8119-406B7DA74ECF}.Debug|Any CPU.Build.0 = Debug|Any CPU
		{8829A41B-C0B5-45B1-8119-406B7DA74ECF}.Release|Any CPU.ActiveCfg = Release|Any CPU
		{8829A41B-C0B5-45B1-8119-406B7DA74ECF}.Release|Any CPU.Build.0 = Release|Any CPU
	EndGlobalSection
	GlobalSection(SolutionProperties) = preSolution
		HideSolutionNode = FALSE
	EndGlobalSection
EndGlobal
