
Microsoft Visual Studio Solution File, Format Version 12.00
# Visual Studio 2012
Project("{FAE04EC0-301F-11D3-BF4B-00C04F79EFBC}") = "Edit", "Edit\Edit.csproj", "{7328156F-F56E-4970-B50F-AC61920F171B}"
EndProject
Project("{FAE04EC0-301F-11D3-BF4B-00C04F79EFBC}") = "Edit.AzureTableStorage", "Edit.AzureTableStorage\Edit.AzureTableStorage.csproj", "{8829A41B-C0B5-45B1-8119-406B7DA74ECF}"
EndProject
Project("{FAE04EC0-301F-11D3-BF4B-00C04F79EFBC}") = "Edit.JsonNet", "Edit.JsonNet\Edit.JsonNet.csproj", "{05987028-7355-4324-9CC8-DCA8A6FD81DB}"
EndProject
Project("{FAE04EC0-301F-11D3-BF4B-00C04F79EFBC}") = "Edit.AzureTableStorage.Tests", "Edit.AzureTableStorage.Tests\Edit.AzureTableStorage.Tests.csproj", "{636A762A-5517-44D0-9940-2DF7089AB213}"
EndProject
Project("{FAE04EC0-301F-11D3-BF4B-00C04F79EFBC}") = "Edit.AzureTableStorage.IntegrationTests", "Edit.AzureTableStorage.IntegrationTests\Edit.AzureTableStorage.IntegrationTests.csproj", "{53045AFA-BC53-4688-A29F-48FF9C2E7F15}"
EndProject
Global
	GlobalSection(SolutionConfigurationPlatforms) = preSolution
		Debug|Any CPU = Debug|Any CPU
		Release|Any CPU = Release|Any CPU
	EndGlobalSection
	GlobalSection(ProjectConfigurationPlatforms) = postSolution
		{7328156F-F56E-4970-B50F-AC61920F171B}.Debug|Any CPU.ActiveCfg = Debug|Any CPU
		{7328156F-F56E-4970-B50F-AC61920F171B}.Debug|Any CPU.Build.0 = Debug|Any CPU
		{7328156F-F56E-4970-B50F-AC61920F171B}.Release|Any CPU.ActiveCfg = Release|Any CPU
		{7328156F-F56E-4970-B50F-AC61920F171B}.Release|Any CPU.Build.0 = Release|Any CPU
		{8829A41B-C0B5-45B1-8119-406B7DA74ECF}.Debug|Any CPU.ActiveCfg = Debug|Any CPU
		{8829A41B-C0B5-45B1-8119-406B7DA74ECF}.Debug|Any CPU.Build.0 = Debug|Any CPU
		{8829A41B-C0B5-45B1-8119-406B7DA74ECF}.Release|Any CPU.ActiveCfg = Release|Any CPU
		{8829A41B-C0B5-45B1-8119-406B7DA74ECF}.Release|Any CPU.Build.0 = Release|Any CPU
		{05987028-7355-4324-9CC8-DCA8A6FD81DB}.Debug|Any CPU.ActiveCfg = Debug|Any CPU
		{05987028-7355-4324-9CC8-DCA8A6FD81DB}.Debug|Any CPU.Build.0 = Debug|Any CPU
		{05987028-7355-4324-9CC8-DCA8A6FD81DB}.Release|Any CPU.ActiveCfg = Release|Any CPU
		{05987028-7355-4324-9CC8-DCA8A6FD81DB}.Release|Any CPU.Build.0 = Release|Any CPU
		{636A762A-5517-44D0-9940-2DF7089AB213}.Debug|Any CPU.ActiveCfg = Debug|Any CPU
		{636A762A-5517-44D0-9940-2DF7089AB213}.Debug|Any CPU.Build.0 = Debug|Any CPU
		{636A762A-5517-44D0-9940-2DF7089AB213}.Release|Any CPU.ActiveCfg = Release|Any CPU
		{636A762A-5517-44D0-9940-2DF7089AB213}.Release|Any CPU.Build.0 = Release|Any CPU
		{53045AFA-BC53-4688-A29F-48FF9C2E7F15}.Debug|Any CPU.ActiveCfg = Debug|Any CPU
		{53045AFA-BC53-4688-A29F-48FF9C2E7F15}.Debug|Any CPU.Build.0 = Debug|Any CPU
		{53045AFA-BC53-4688-A29F-48FF9C2E7F15}.Release|Any CPU.ActiveCfg = Release|Any CPU
		{53045AFA-BC53-4688-A29F-48FF9C2E7F15}.Release|Any CPU.Build.0 = Release|Any CPU
	EndGlobalSection
	GlobalSection(SolutionProperties) = preSolution
		HideSolutionNode = FALSE
	EndGlobalSection
EndGlobal
