
Microsoft Visual Studio Solution File, Format Version 12.00
# Visual Studio 2012
Project("{FAE04EC0-301F-11D3-BF4B-00C04F79EFBC}") = "Edit.PerformanceTests", "Edit.PerformanceTests.csproj", "{E1A5116F-DB57-42C1-B347-4D2BE14D7EAA}"
EndProject
Global
	GlobalSection(SolutionConfigurationPlatforms) = preSolution
		Debug|Any CPU = Debug|Any CPU
		Release|Any CPU = Release|Any CPU
	EndGlobalSection
	GlobalSection(ProjectConfigurationPlatforms) = postSolution
		{E1A5116F-DB57-42C1-B347-4D2BE14D7EAA}.Debug|Any CPU.ActiveCfg = Debug|Any CPU
		{E1A5116F-DB57-42C1-B347-4D2BE14D7EAA}.Debug|Any CPU.Build.0 = Debug|Any CPU
		{E1A5116F-DB57-42C1-B347-4D2BE14D7EAA}.Release|Any CPU.ActiveCfg = Release|Any CPU
		{E1A5116F-DB57-42C1-B347-4D2BE14D7EAA}.Release|Any CPU.Build.0 = Release|Any CPU
	EndGlobalSection
	GlobalSection(SolutionProperties) = preSolution
		HideSolutionNode = FALSE
	EndGlobalSection
EndGlobal
