
Microsoft Visual Studio Solution File, Format Version 12.00
# Visual Studio 2012
Project("{FAE04EC0-301F-11D3-BF4B-00C04F79EFBC}") = "Edit.Tests", "Edit.Tests.csproj", "{402D500B-7D6B-4F98-9798-46C1E568569F}"
EndProject
Global
	GlobalSection(SolutionConfigurationPlatforms) = preSolution
		Debug|Any CPU = Debug|Any CPU
		Release|Any CPU = Release|Any CPU
	EndGlobalSection
	GlobalSection(ProjectConfigurationPlatforms) = postSolution
		{402D500B-7D6B-4F98-9798-46C1E568569F}.Debug|Any CPU.ActiveCfg = Debug|Any CPU
		{402D500B-7D6B-4F98-9798-46C1E568569F}.Debug|Any CPU.Build.0 = Debug|Any CPU
		{402D500B-7D6B-4F98-9798-46C1E568569F}.Release|Any CPU.ActiveCfg = Release|Any CPU
		{402D500B-7D6B-4F98-9798-46C1E568569F}.Release|Any CPU.Build.0 = Release|Any CPU
	EndGlobalSection
	GlobalSection(SolutionProperties) = preSolution
		HideSolutionNode = FALSE
	EndGlobalSection
EndGlobal
